{
  "name": "ajs-3-1",
  "version": "1.0.0",
  "lockfileVersion": 2,
  "requires": true,
  "packages": {
    "": {
      "name": "ajs-3-1",
      "version": "1.0.0",
      "license": "ISC",
      "dependencies": {
        "@stanislavsamo/ajs-3": "^1.0.0"
      }
    },
    "node_modules/@stanislavsamo/ajs-3": {
      "version": "1.0.0",
      "resolved": "https://npm.pkg.github.com/download/@stanislavsamo/ajs-3/1.0.0/23b9b2cc7905e20a6b32501f63831f23cc1bbc3d",
      "integrity": "sha512-SW/OsT8M0YfrkOAq06EeuNyn0uD70JCCuouAI2yFNFtyVIGNIag5U5FYrWWisi+SCccwRwrVHlhCqtsay98U4Q==",
      "license": "ISC"
    }
  },
  "dependencies": {
    "@stanislavsamo/ajs-3": {
      "version": "1.0.0",
      "resolved": "https://npm.pkg.github.com/download/@stanislavsamo/ajs-3/1.0.0/23b9b2cc7905e20a6b32501f63831f23cc1bbc3d",
      "integrity": "sha512-SW/OsT8M0YfrkOAq06EeuNyn0uD70JCCuouAI2yFNFtyVIGNIag5U5FYrWWisi+SCccwRwrVHlhCqtsay98U4Q=="
    }
  }
}
